// !$*UTF8*$!
{
	archiveVersion = 1;
	classes = {
	};
	objectVersion = 46;
	objects = {

/* Begin PBXBuildFile section */
		C317C09C1B5760D000D480BF /* AppDelegate.swift in Sources */ = {isa = PBXBuildFile; fileRef = C317C09B1B5760D000D480BF /* AppDelegate.swift */; };
		C317C09E1B5760D000D480BF /* RootViewController.swift in Sources */ = {isa = PBXBuildFile; fileRef = C317C09D1B5760D000D480BF /* RootViewController.swift */; };
		C317C0A01B5760D000D480BF /* Images.xcassets in Resources */ = {isa = PBXBuildFile; fileRef = C317C09F1B5760D000D480BF /* Images.xcassets */; };
		C317C0A31B5760D000D480BF /* Main.storyboard in Resources */ = {isa = PBXBuildFile; fileRef = C317C0A11B5760D000D480BF /* Main.storyboard */; };
		C317C0AF1B5760D000D480BF /* HumanReadableObjectIDTests.swift in Sources */ = {isa = PBXBuildFile; fileRef = C317C0AE1B5760D000D480BF /* HumanReadableObjectIDTests.swift */; };
/* End PBXBuildFile section */

/* Begin PBXContainerItemProxy section */
		C317C0A91B5760D000D480BF /* PBXContainerItemProxy */ = {
			isa = PBXContainerItemProxy;
			containerPortal = C317C08E1B5760D000D480BF /* Project object */;
			proxyType = 1;
			remoteGlobalIDString = C317C0951B5760D000D480BF;
			remoteInfo = HumanReadableObjectID;
		};
/* End PBXContainerItemProxy section */

/* Begin PBXFileReference section */
		C317C0961B5760D000D480BF /* HumanReadableObjectID.app */ = {isa = PBXFileReference; explicitFileType = wrapper.application; includeInIndex = 0; path = HumanReadableObjectID.app; sourceTree = BUILT_PRODUCTS_DIR; };
		C317C09A1B5760D000D480BF /* Info.plist */ = {isa = PBXFileReference; lastKnownFileType = text.plist.xml; path = Info.plist; sourceTree = "<group>"; };
		C317C09B1B5760D000D480BF /* AppDelegate.swift */ = {isa = PBXFileReference; lastKnownFileType = sourcecode.swift; path = AppDelegate.swift; sourceTree = "<group>"; };
		C317C09D1B5760D000D480BF /* RootViewController.swift */ = {isa = PBXFileReference; lastKnownFileType = sourcecode.swift; path = RootViewController.swift; sourceTree = "<group>"; };
		C317C09F1B5760D000D480BF /* Images.xcassets */ = {isa = PBXFileReference; lastKnownFileType = folder.assetcatalog; path = Images.xcassets; sourceTree = "<group>"; };
		C317C0A21B5760D000D480BF /* Base */ = {isa = PBXFileReference; lastKnownFileType = file.storyboard; name = Base; path = Base.lproj/Main.storyboard; sourceTree = "<group>"; };
		C317C0A81B5760D000D480BF /* HumanReadableObjectIDTests.xctest */ = {isa = PBXFileReference; explicitFileType = wrapper.cfbundle; includeInIndex = 0; path = HumanReadableObjectIDTests.xctest; sourceTree = BUILT_PRODUCTS_DIR; };
		C317C0AD1B5760D000D480BF /* Info.plist */ = {isa = PBXFileReference; lastKnownFileType = text.plist.xml; path = Info.plist; sourceTree = "<group>"; };
		C317C0AE1B5760D000D480BF /* HumanReadableObjectIDTests.swift */ = {isa = PBXFileReference; lastKnownFileType = sourcecode.swift; path = HumanReadableObjectIDTests.swift; sourceTree = "<group>"; };
/* End PBXFileReference section */

/* Begin PBXFrameworksBuildPhase section */
		C317C0931B5760D000D480BF /* Frameworks */ = {
			isa = PBXFrameworksBuildPhase;
			buildActionMask = 2147483647;
			files = (
			);
			runOnlyForDeploymentPostprocessing = 0;
		};
		C317C0A51B5760D000D480BF /* Frameworks */ = {
			isa = PBXFrameworksBuildPhase;
			buildActionMask = 2147483647;
			files = (
			);
			runOnlyForDeploymentPostprocessing = 0;
		};
/* End PBXFrameworksBuildPhase section */

/* Begin PBXGroup section */
		C317C08D1B5760D000D480BF = {
			isa = PBXGroup;
			children = (
				C317C0981B5760D000D480BF /* HumanReadableObjectID */,
				C317C0AB1B5760D000D480BF /* HumanReadableObjectIDTests */,
				C317C0971B5760D000D480BF /* Products */,
			);
			sourceTree = "<group>";
		};
		C317C0971B5760D000D480BF /* Products */ = {
			isa = PBXGroup;
			children = (
				C317C0961B5760D000D480BF /* HumanReadableObjectID.app */,
				C317C0A81B5760D000D480BF /* HumanReadableObjectIDTests.xctest */,
			);
			name = Products;
			sourceTree = "<group>";
		};
		C317C0981B5760D000D480BF /* HumanReadableObjectID */ = {
			isa = PBXGroup;
			children = (
				C317C09B1B5760D000D480BF /* AppDelegate.swift */,
				C317C09D1B5760D000D480BF /* RootViewController.swift */,
				C317C09F1B5760D000D480BF /* Images.xcassets */,
				C317C0A11B5760D000D480BF /* Main.storyboard */,
				C317C0991B5760D000D480BF /* Supporting Files */,
			);
			path = HumanReadableObjectID;
			sourceTree = "<group>";
		};
		C317C0991B5760D000D480BF /* Supporting Files */ = {
			isa = PBXGroup;
			children = (
				C317C09A1B5760D000D480BF /* Info.plist */,
			);
			name = "Supporting Files";
			sourceTree = "<group>";
		};
		C317C0AB1B5760D000D480BF /* HumanReadableObjectIDTests */ = {
			isa = PBXGroup;
			children = (
				C317C0AE1B5760D000D480BF /* HumanReadableObjectIDTests.swift */,
				C317C0AC1B5760D000D480BF /* Supporting Files */,
			);
			path = HumanReadableObjectIDTests;
			sourceTree = "<group>";
		};
		C317C0AC1B5760D000D480BF /* Supporting Files */ = {
			isa = PBXGroup;
			children = (
				C317C0AD1B5760D000D480BF /* Info.plist */,
			);
			name = "Supporting Files";
			sourceTree = "<group>";
		};
/* End PBXGroup section */

/* Begin PBXNativeTarget section */
		C317C0951B5760D000D480BF /* HumanReadableObjectID */ = {
			isa = PBXNativeTarget;
			buildConfigurationList = C317C0B21B5760D000D480BF /* Build configuration list for PBXNativeTarget "HumanReadableObjectID" */;
			buildPhases = (
				C317C0921B5760D000D480BF /* Sources */,
				C317C0931B5760D000D480BF /* Frameworks */,
				C317C0941B5760D000D480BF /* Resources */,
			);
			buildRules = (
			);
			dependencies = (
			);
			name = HumanReadableObjectID;
			productName = HumanReadableObjectID;
			productReference = C317C0961B5760D000D480BF /* HumanReadableObjectID.app */;
			productType = "com.apple.product-type.application";
		};
		C317C0A71B5760D000D480BF /* HumanReadableObjectIDTests */ = {
			isa = PBXNativeTarget;
			buildConfigurationList = C317C0B51B5760D000D480BF /* Build configuration list for PBXNativeTarget "HumanReadableObjectIDTests" */;
			buildPhases = (
				C317C0A41B5760D000D480BF /* Sources */,
				C317C0A51B5760D000D480BF /* Frameworks */,
				C317C0A61B5760D000D480BF /* Resources */,
			);
			buildRules = (
			);
			dependencies = (
				C317C0AA1B5760D000D480BF /* PBXTargetDependency */,
			);
			name = HumanReadableObjectIDTests;
			productName = HumanReadableObjectIDTests;
			productReference = C317C0A81B5760D000D480BF /* HumanReadableObjectIDTests.xctest */;
			productType = "com.apple.product-type.bundle.unit-test";
		};
/* End PBXNativeTarget section */

/* Begin PBXProject section */
		C317C08E1B5760D000D480BF /* Project object */ = {
			isa = PBXProject;
			attributes = {
				LastUpgradeCheck = 0640;
				ORGANIZATIONNAME = MikiMedia;
				TargetAttributes = {
					C317C0951B5760D000D480BF = {
						CreatedOnToolsVersion = 6.4;
					};
					C317C0A71B5760D000D480BF = {
						CreatedOnToolsVersion = 6.4;
						TestTargetID = C317C0951B5760D000D480BF;
					};
				};
			};
			buildConfigurationList = C317C0911B5760D000D480BF /* Build configuration list for PBXProject "HumanReadableObjectID" */;
			compatibilityVersion = "Xcode 3.2";
			developmentRegion = English;
			hasScannedForEncodings = 0;
			knownRegions = (
				en,
				Base,
			);
			mainGroup = C317C08D1B5760D000D480BF;
			productRefGroup = C317C0971B5760D000D480BF /* Products */;
			projectDirPath = "";
			projectRoot = "";
			targets = (
				C317C0951B5760D000D480BF /* HumanReadableObjectID */,
				C317C0A71B5760D000D480BF /* HumanReadableObjectIDTests */,
			);
		};
/* End PBXProject section */

/* Begin PBXResourcesBuildPhase section */
		C317C0941B5760D000D480BF /* Resources */ = {
			isa = PBXResourcesBuildPhase;
			buildActionMask = 2147483647;
			files = (
				C317C0A01B5760D000D480BF /* Images.xcassets in Resources */,
				C317C0A31B5760D000D480BF /* Main.storyboard in Resources */,
			);
			runOnlyForDeploymentPostprocessing = 0;
		};
		C317C0A61B5760D000D480BF /* Resources */ = {
			isa = PBXResourcesBuildPhase;
			buildActionMask = 2147483647;
			files = (
			);
			runOnlyForDeploymentPostprocessing = 0;
		};
/* End PBXResourcesBuildPhase section */

/* Begin PBXSourcesBuildPhase section */
		C317C0921B5760D000D480BF /* Sources */ = {
			isa = PBXSourcesBuildPhase;
			buildActionMask = 2147483647;
			files = (
				C317C09E1B5760D000D480BF /* RootViewController.swift in Sources */,
				C317C09C1B5760D000D480BF /* AppDelegate.swift in Sources */,
			);
			runOnlyForDeploymentPostprocessing = 0;
		};
		C317C0A41B5760D000D480BF /* Sources */ = {
			isa = PBXSourcesBuildPhase;
			buildActionMask = 2147483647;
			files = (
				C317C0AF1B5760D000D480BF /* HumanReadableObjectIDTests.swift in Sources */,
			);
			runOnlyForDeploymentPostprocessing = 0;
		};
/* End PBXSourcesBuildPhase section */

/* Begin PBXTargetDependency section */
		C317C0AA1B5760D000D480BF /* PBXTargetDependency */ = {
			isa = PBXTargetDependency;
			target = C317C0951B5760D000D480BF /* HumanReadableObjectID */;
			targetProxy = C317C0A91B5760D000D480BF /* PBXContainerItemProxy */;
		};
/* End PBXTargetDependency section */

/* Begin PBXVariantGroup section */
		C317C0A11B5760D000D480BF /* Main.storyboard */ = {
			isa = PBXVariantGroup;
			children = (
				C317C0A21B5760D000D480BF /* Base */,
			);
			name = Main.storyboard;
			sourceTree = "<group>";
		};
/* End PBXVariantGroup section */

/* Begin XCBuildConfiguration section */
		C317C0B01B5760D000D480BF /* Debug */ = {
			isa = XCBuildConfiguration;
			buildSettings = {
				ALWAYS_SEARCH_USER_PATHS = NO;
				CLANG_CXX_LANGUAGE_STANDARD = "gnu++0x";
				CLANG_CXX_LIBRARY = "libc++";
				CLANG_ENABLE_MODULES = YES;
				CLANG_ENABLE_OBJC_ARC = YES;
				CLANG_WARN_BOOL_CONVERSION = YES;
				CLANG_WARN_CONSTANT_CONVERSION = YES;
				CLANG_WARN_DIRECT_OBJC_ISA_USAGE = YES_ERROR;
				CLANG_WARN_EMPTY_BODY = YES;
				CLANG_WARN_ENUM_CONVERSION = YES;
				CLANG_WARN_INT_CONVERSION = YES;
				CLANG_WARN_OBJC_ROOT_CLASS = YES_ERROR;
				CLANG_WARN_UNREACHABLE_CODE = YES;
				CLANG_WARN__DUPLICATE_METHOD_MATCH = YES;
				CODE_SIGN_IDENTITY = "-";
				COPY_PHASE_STRIP = NO;
				DEBUG_INFORMATION_FORMAT = dwarf;
				ENABLE_STRICT_OBJC_MSGSEND = YES;
				GCC_C_LANGUAGE_STANDARD = gnu99;
				GCC_DYNAMIC_NO_PIC = NO;
				GCC_NO_COMMON_BLOCKS = YES;
				GCC_OPTIMIZATION_LEVEL = 0;
				GCC_PREPROCESSOR_DEFINITIONS = (
					"DEBUG=1",
					"$(inherited)",
				);
				GCC_SYMBOLS_PRIVATE_EXTERN = NO;
				GCC_WARN_64_TO_32_BIT_CONVERSION = YES;
				GCC_WARN_ABOUT_RETURN_TYPE = YES_ERROR;
				GCC_WARN_UNDECLARED_SELECTOR = YES;
				GCC_WARN_UNINITIALIZED_AUTOS = YES_AGGRESSIVE;
				GCC_WARN_UNUSED_FUNCTION = YES;
				GCC_WARN_UNUSED_VARIABLE = YES;
				MACOSX_DEPLOYMENT_TARGET = 10.10;
				MTL_ENABLE_DEBUG_INFO = YES;
				ONLY_ACTIVE_ARCH = YES;
				SDKROOT = macosx;
				SWIFT_OPTIMIZATION_LEVEL = "-Onone";
			};
			name = Debug;
		};
		C317C0B11B5760D000D480BF /* Release */ = {
			isa = XCBuildConfiguration;
			buildSettings = {
				ALWAYS_SEARCH_USER_PATHS = NO;
				CLANG_CXX_LANGUAGE_STANDARD = "gnu++0x";
				CLANG_CXX_LIBRARY = "libc++";
				CLANG_ENABLE_MODULES = YES;
				CLANG_ENABLE_OBJC_ARC = YES;
				CLANG_WARN_BOOL_CONVERSION = YES;
				CLANG_WARN_CONSTANT_CONVERSION = YES;
				CLANG_WARN_DIRECT_OBJC_ISA_USAGE = YES_ERROR;
				CLANG_WARN_EMPTY_BODY = YES;
				CLANG_WARN_ENUM_CONVERSION = YES;
				CLANG_WARN_INT_CONVERSION = YES;
				CLANG_WARN_OBJC_ROOT_CLASS = YES_ERROR;
				CLANG_WARN_UNREACHABLE_CODE = YES;
				CLANG_WARN__DUPLICATE_METHOD_MATCH = YES;
				CODE_SIGN_IDENTITY = "-";
				COPY_PHASE_STRIP = NO;
				DEBUG_INFORMATION_FORMAT = "dwarf-with-dsym";
				ENABLE_NS_ASSERTIONS = NO;
				ENABLE_STRICT_OBJC_MSGSEND = YES;
				GCC_C_LANGUAGE_STANDARD = gnu99;
				GCC_NO_COMMON_BLOCKS = YES;
				GCC_WARN_64_TO_32_BIT_CONVERSION = YES;
				GCC_WARN_ABOUT_RETURN_TYPE = YES_ERROR;
				GCC_WARN_UNDECLARED_SELECTOR = YES;
				GCC_WARN_UNINITIALIZED_AUTOS = YES_AGGRESSIVE;
				GCC_WARN_UNUSED_FUNCTION = YES;
				GCC_WARN_UNUSED_VARIABLE = YES;
				MACOSX_DEPLOYMENT_TARGET = 10.10;
				MTL_ENABLE_DEBUG_INFO = NO;
				SDKROOT = macosx;
			};
			name = Release;
		};
		C317C0B31B5760D000D480BF /* Debug */ = {
			isa = XCBuildConfiguration;
			buildSettings = {
				ASSETCATALOG_COMPILER_APPICON_NAME = AppIcon;
				CODE_SIGN_IDENTITY = "";
				COMBINE_HIDPI_IMAGES = YES;
				INFOPLIST_FILE = HumanReadableObjectID/Info.plist;
				LD_RUNPATH_SEARCH_PATHS = "$(inherited) @executable_path/../Frameworks";
				PRODUCT_NAME = "$(TARGET_NAME)";
				PROVISIONING_PROFILE = HumanReadableObjectID/asu_pid.entitlements;
			};
			name = Debug;
		};
		C317C0B41B5760D000D480BF /* Release */ = {
			isa = XCBuildConfiguration;
			buildSettings = {
				ASSETCATALOG_COMPILER_APPICON_NAME = AppIcon;
				CODE_SIGN_IDENTITY = "";
				COMBINE_HIDPI_IMAGES = YES;
				INFOPLIST_FILE = HumanReadableObjectID/Info.plist;
				LD_RUNPATH_SEARCH_PATHS = "$(inherited) @executable_path/../Frameworks";
				PRODUCT_NAME = "$(TARGET_NAME)";
				PROVISIONING_PROFILE = HumanReadableObjectID/asu_pid.entitlements;
			};
			name = Release;
		};
		C317C0B61B5760D000D480BF /* Debug */ = {
			isa = XCBuildConfiguration;
			buildSettings = {
				BUNDLE_LOADER = "$(TEST_HOST)";
				COMBINE_HIDPI_IMAGES = YES;
				FRAMEWORK_SEARCH_PATHS = (
					"$(DEVELOPER_FRAMEWORKS_DIR)",
					"$(inherited)",
				);
				GCC_PREPROCESSOR_DEFINITIONS = (
					"DEBUG=1",
					"$(inherited)",
				);
				INFOPLIST_FILE = HumanReadableObjectIDTests/Info.plist;
				LD_RUNPATH_SEARCH_PATHS = "$(inherited) @executable_path/../Frameworks @loader_path/../Frameworks";
				PRODUCT_NAME = "$(TARGET_NAME)";
				TEST_HOST = "$(BUILT_PRODUCTS_DIR)/HumanReadableObjectID.app/Contents/MacOS/HumanReadableObjectID";
			};
			name = Debug;
		};
		C317C0B71B5760D000D480BF /* Release */ = {
			isa = XCBuildConfiguration;
			buildSettings = {
				BUNDLE_LOADER = "$(TEST_HOST)";
				COMBINE_HIDPI_IMAGES = YES;
				FRAMEWORK_SEARCH_PATHS = (
					"$(DEVELOPER_FRAMEWORKS_DIR)",
					"$(inherited)",
				);
				INFOPLIST_FILE = HumanReadableObjectIDTests/Info.plist;
				LD_RUNPATH_SEARCH_PATHS = "$(inherited) @executable_path/../Frameworks @loader_path/../Frameworks";
				PRODUCT_NAME = "$(TARGET_NAME)";
				TEST_HOST = "$(BUILT_PRODUCTS_DIR)/HumanReadableObjectID.app/Contents/MacOS/HumanReadableObjectID";
			};
			name = Release;
		};
/* End XCBuildConfiguration section */

/* Begin XCConfigurationList section */
		C317C0911B5760D000D480BF /* Build configuration list for PBXProject "HumanReadableObjectID" */ = {
			isa = XCConfigurationList;
			buildConfigurations = (
				C317C0B01B5760D000D480BF /* Debug */,
				C317C0B11B5760D000D480BF /* Release */,
			);
			defaultConfigurationIsVisible = 0;
			defaultConfigurationName = Release;
		};
		C317C0B21B5760D000D480BF /* Build configuration list for PBXNativeTarget "HumanReadableObjectID" */ = {
			isa = XCConfigurationList;
			buildConfigurations = (
				C317C0B31B5760D000D480BF /* Debug */,
				C317C0B41B5760D000D480BF /* Release */,
			);
			defaultConfigurationIsVisible = 0;
		};
		C317C0B51B5760D000D480BF /* Build configuration list for PBXNativeTarget "HumanReadableObjectIDTests" */ = {
			isa = XCConfigurationList;
			buildConfigurations = (
				C317C0B61B5760D000D480BF /* Debug */,
				C317C0B71B5760D000D480BF /* Release */,
			);
			defaultConfigurationIsVisible = 0;
		};
/* End XCConfigurationList section */
	};
	rootObject = C317C08E1B5760D000D480BF /* Project object */;
}
